
Microsoft Visual Studio Solution File, Format Version 12.00
# Visual Studio Version 17
VisualStudioVersion = 17.7.34031.279
MinimumVisualStudioVersion = 10.0.40219.1
Project("{9A19103F-16F7-4668-BE54-9A1E7A4F7556}") = "SACCHETTO_Vladimir_SpaceInvaders", "SACCHETTO_Vladimir_TP1\SACCHETTO_Vladimir_SpaceInvaders.csproj", "{16456B57-F28D-4BEE-B793-18C18A248239}"
EndProject
Global
	GlobalSection(SolutionConfigurationPlatforms) = preSolution
		Debug|Any CPU = Debug|Any CPU
		Release|Any CPU = Release|Any CPU
	EndGlobalSection
	GlobalSection(ProjectConfigurationPlatforms) = postSolution
		{16456B57-F28D-4BEE-B793-18C18A248239}.Debug|Any CPU.ActiveCfg = Debug|Any CPU
		{16456B57-F28D-4BEE-B793-18C18A248239}.Debug|Any CPU.Build.0 = Debug|Any CPU
		{16456B57-F28D-4BEE-B793-18C18A248239}.Release|Any CPU.ActiveCfg = Release|Any CPU
		{16456B57-F28D-4BEE-B793-18C18A248239}.Release|Any CPU.Build.0 = Release|Any CPU
	EndGlobalSection
	GlobalSection(SolutionProperties) = preSolution
		HideSolutionNode = FALSE
	EndGlobalSection
	GlobalSection(ExtensibilityGlobals) = postSolution
		SolutionGuid = {ED5BD88E-BA25-4179-9495-92489364C5B9}
	EndGlobalSection
EndGlobal
